
Microsoft Visual Studio Solution File, Format Version 12.00
# Visual Studio 15
VisualStudioVersion = 15.0.26430.6
MinimumVisualStudioVersion = 10.0.40219.1
Project("{FAE04EC0-301F-11D3-BF4B-00C04F79EFBC}") = "TDDKata", "TDDKata\TDDKata.csproj", "{6AB914BC-4BE9-4128-B049-DAE3D7049FC3}"
EndProject
Project("{FAE04EC0-301F-11D3-BF4B-00C04F79EFBC}") = "TDDKataTests", "TDDKataTests\TDDKataTests.csproj", "{88FD8845-A49D-434E-AD89-9E3AC45FA398}"
EndProject
Global
	GlobalSection(SolutionConfigurationPlatforms) = preSolution
		Debug|Any CPU = Debug|Any CPU
		Release|Any CPU = Release|Any CPU
	EndGlobalSection
	GlobalSection(ProjectConfigurationPlatforms) = postSolution
		{6AB914BC-4BE9-4128-B049-DAE3D7049FC3}.Debug|Any CPU.ActiveCfg = Debug|Any CPU
		{6AB914BC-4BE9-4128-B049-DAE3D7049FC3}.Debug|Any CPU.Build.0 = Debug|Any CPU
		{6AB914BC-4BE9-4128-B049-DAE3D7049FC3}.Release|Any CPU.ActiveCfg = Release|Any CPU
		{6AB914BC-4BE9-4128-B049-DAE3D7049FC3}.Release|Any CPU.Build.0 = Release|Any CPU
		{88FD8845-A49D-434E-AD89-9E3AC45FA398}.Debug|Any CPU.ActiveCfg = Debug|Any CPU
		{88FD8845-A49D-434E-AD89-9E3AC45FA398}.Debug|Any CPU.Build.0 = Debug|Any CPU
		{88FD8845-A49D-434E-AD89-9E3AC45FA398}.Release|Any CPU.ActiveCfg = Release|Any CPU
		{88FD8845-A49D-434E-AD89-9E3AC45FA398}.Release|Any CPU.Build.0 = Release|Any CPU
	EndGlobalSection
	GlobalSection(SolutionProperties) = preSolution
		HideSolutionNode = FALSE
	EndGlobalSection
EndGlobal
